
Microsoft Visual Studio Solution File, Format Version 12.00
# Visual Studio 15
Project("{FAE04EC0-301F-11D3-BF4B-00C04F79EFBC}") = "Assembly-CSharp", "Assembly-CSharp.csproj", "{20226136-B3A2-544A-525C-350E3258426B}"
EndProject
Project("{FAE04EC0-301F-11D3-BF4B-00C04F79EFBC}") = "Assembly-CSharp-Editor", "Assembly-CSharp-Editor.csproj", "{D27FF962-0D3E-4DF8-8744-CFA4F0261A26}"
EndProject
Global
	GlobalSection(SolutionConfigurationPlatforms) = preSolution
		Debug|Any CPU = Debug|Any CPU
		Release|Any CPU = Release|Any CPU
	EndGlobalSection
	GlobalSection(ProjectConfigurationPlatforms) = postSolution
		{20226136-B3A2-544A-525C-350E3258426B}.Debug|Any CPU.ActiveCfg = Debug|Any CPU
		{20226136-B3A2-544A-525C-350E3258426B}.Debug|Any CPU.Build.0 = Debug|Any CPU
		{20226136-B3A2-544A-525C-350E3258426B}.Release|Any CPU.ActiveCfg = Release|Any CPU
		{20226136-B3A2-544A-525C-350E3258426B}.Release|Any CPU.Build.0 = Release|Any CPU
		{D27FF962-0D3E-4DF8-8744-CFA4F0261A26}.Debug|Any CPU.ActiveCfg = Debug|Any CPU
		{D27FF962-0D3E-4DF8-8744-CFA4F0261A26}.Debug|Any CPU.Build.0 = Debug|Any CPU
		{D27FF962-0D3E-4DF8-8744-CFA4F0261A26}.Release|Any CPU.ActiveCfg = Release|Any CPU
		{D27FF962-0D3E-4DF8-8744-CFA4F0261A26}.Release|Any CPU.Build.0 = Release|Any CPU
	EndGlobalSection
	GlobalSection(SolutionProperties) = preSolution
		HideSolutionNode = FALSE
	EndGlobalSection
EndGlobal
